# Reviewed runtime dependency set for the Docker image and deployments: the
# core install (Hubzoid web app, no Open WebUI) plus PostgreSQL support.
#   pip install -r requirements.lock
# The legacy Open WebUI set is requirements-openwebui.lock.
# Regenerate after changing pyproject.toml (uv keeps the pins already here):
#   uv pip compile pyproject.toml --extra postgres --python-version 3.12 --universal --no-header -o requirements.lock
aiofile==3.12.3
    # via py-key-value-aio
aiohappyeyeballs==2.7.1
    # via aiohttp
aiohttp==3.13.5
    # via
    #   hubzoid (pyproject.toml)
    #   litellm
aiosignal==1.4.0
    # via aiohttp
alembic==1.18.4
    # via hubzoid (pyproject.toml)
annotated-doc==0.0.5
    # via
    #   fastapi
    #   typer
annotated-types==0.8.0
    # via pydantic
anyio==4.15.1
    # via
    #   claude-agent-sdk
    #   composio-client
    #   httpx
    #   mcp
    #   openai
    #   py-key-value-aio
    #   sse-starlette
    #   starlette
    #   watchfiles
argon2-cffi==25.1.0
    # via pwdlib
argon2-cffi-bindings==26.1.0
    # via argon2-cffi
attrs==26.1.0
    # via
    #   aiohttp
    #   cyclopts
    #   jsonschema
    #   jsonschema-path
    #   referencing
authlib==1.7.2
    # via
    #   hubzoid (pyproject.toml)
    #   fastmcp-slim
bcrypt==5.0.0
    # via pwdlib
beartype==0.22.9
    # via py-key-value-aio
boto3==1.42.62
    # via hubzoid (pyproject.toml)
botocore==1.42.97
    # via
    #   boto3
    #   s3transfer
cachetools==7.2.0
    # via py-key-value-aio
caio==0.12.4
    # via aiofile
casbin==1.43.0
    # via hubzoid (pyproject.toml)
certifi==2026.7.22
    # via
    #   httpcore
    #   httpx
    #   requests
cffi==2.1.1
    # via
    #   argon2-cffi-bindings
    #   cryptography
charset-normalizer==3.5.1
    # via requests
claude-agent-sdk==0.2.159
    # via hubzoid (pyproject.toml)
click==8.5.0
    # via
    #   dbos
    #   huggingface-hub
    #   litellm
    #   uvicorn
colorama==0.4.6 ; sys_platform == 'win32'
    # via
    #   tqdm
    #   typer
composio==0.15.0
    # via hubzoid (pyproject.toml)
composio-client==1.39.0
    # via composio
croniter==6.2.4
    # via hubzoid (pyproject.toml)
cryptography==48.0.0
    # via
    #   hubzoid (pyproject.toml)
    #   authlib
    #   joserfc
    #   pyjwt
    #   secretstorage
cyclopts==5.0.0
    # via fastmcp-slim
dbos==3.1.0
    # via hubzoid (pyproject.toml)
distro==1.9.0
    # via
    #   composio-client
    #   openai
dnspython==2.8.0
    # via email-validator
docstring-parser==0.18.0
    # via cyclopts
email-validator==2.3.0
    # via pydantic
exceptiongroup==1.3.1
    # via fastmcp-slim
fastapi==0.136.3
    # via hubzoid (pyproject.toml)
fastmcp==3.4.7
    # via hubzoid (pyproject.toml)
fastmcp-slim==3.4.7
    # via fastmcp
fastuuid==0.14.0
    # via litellm
filelock==4.0.3
    # via huggingface-hub
frozenlist==1.8.0
    # via
    #   aiohttp
    #   aiosignal
fsspec==2026.9.0
    # via huggingface-hub
greenlet==3.5.6
    # via sqlalchemy
griffelib==2.3.0
    # via
    #   fastmcp-slim
    #   openai-agents
h11==0.16.0
    # via
    #   httpcore
    #   uvicorn
hf-xet==1.6.0 ; platform_machine == 'AMD64' or platform_machine == 'aarch64' or platform_machine == 'amd64' or platform_machine == 'arm64' or platform_machine == 'x86_64'
    # via huggingface-hub
httpcore==1.0.9
    # via httpx
httptools==0.8.0
    # via uvicorn
httpx==0.28.1
    # via
    #   hubzoid (pyproject.toml)
    #   composio-client
    #   fastmcp-slim
    #   huggingface-hub
    #   litellm
    #   mcp
    #   openai
httpx-sse==0.4.3
    # via mcp
huggingface-hub==1.33.0
    # via tokenizers
idna==3.20
    # via
    #   anyio
    #   email-validator
    #   httpx
    #   requests
    #   yarl
importlib-metadata==8.9.0
    # via litellm
itsdangerous==2.2.0
    # via hubzoid (pyproject.toml)
jaraco-classes==3.4.0
    # via keyring
jaraco-context==6.1.2
    # via keyring
jaraco-functools==4.6.0
    # via keyring
jeepney==0.9.0 ; sys_platform == 'linux'
    # via
    #   keyring
    #   secretstorage
jinja2==3.1.6
    # via
    #   hubzoid (pyproject.toml)
    #   litellm
jiter==0.17.0
    # via openai
jmespath==1.1.0
    # via
    #   boto3
    #   botocore
joserfc==1.7.4
    # via
    #   authlib
    #   fastmcp-slim
json-schema-to-pydantic==0.4.11
    # via composio
jsonref==1.1.0
    # via fastmcp-slim
jsonschema==4.26.0
    # via
    #   claude-agent-sdk
    #   litellm
    #   mcp
jsonschema-path==0.5.0
    # via fastmcp-slim
jsonschema-specifications==2025.9.1
    # via jsonschema
keyring==25.7.0
    # via py-key-value-aio
litellm==1.95.0
    # via
    #   hubzoid (pyproject.toml)
    #   openai-agents
mako==1.4.3
    # via alembic
markdown-it-py==4.2.0
    # via rich
markupsafe==3.0.3
    # via
    #   jinja2
    #   mako
mcp==1.27.2
    # via
    #   hubzoid (pyproject.toml)
    #   claude-agent-sdk
    #   fastmcp-slim
    #   openai-agents
mdurl==0.1.2
    # via markdown-it-py
more-itertools==11.1.0
    # via
    #   jaraco-classes
    #   jaraco-functools
multidict==6.9.1
    # via
    #   aiohttp
    #   yarl
openai==2.29.0
    # via
    #   hubzoid (pyproject.toml)
    #   composio
    #   litellm
    #   openai-agents
openai-agents==0.17.3
    # via hubzoid (pyproject.toml)
openapi-pydantic==0.5.1
    # via fastmcp-slim
opentelemetry-api==1.44.0
    # via fastmcp-slim
opentelemetry-proto==1.44.0
    # via hubzoid (pyproject.toml)
packaging==26.3
    # via
    #   fastmcp-slim
    #   huggingface-hub
pathable==0.6.0
    # via jsonschema-path
pillow==12.2.0
    # via hubzoid (pyproject.toml)
platformdirs==4.11.13
    # via fastmcp-slim
propcache==0.5.4
    # via
    #   aiohttp
    #   yarl
protobuf==7.36.2
    # via opentelemetry-proto
psycopg==3.3.4
    # via
    #   hubzoid (pyproject.toml)
    #   dbos
psycopg-binary==3.3.4 ; implementation_name != 'pypy'
    # via psycopg
pwdlib==0.3.1
    # via hubzoid (pyproject.toml)
py-key-value-aio==0.4.6
    # via fastmcp-slim
pycparser==3.0 ; implementation_name != 'PyPy'
    # via cffi
pydantic==2.13.4
    # via
    #   hubzoid (pyproject.toml)
    #   composio
    #   composio-client
    #   fastapi
    #   fastmcp-slim
    #   json-schema-to-pydantic
    #   litellm
    #   mcp
    #   openai
    #   openai-agents
    #   openapi-pydantic
    #   pydantic-settings
pydantic-core==2.46.4
    # via pydantic
pydantic-settings==2.15.0
    # via
    #   fastmcp-slim
    #   mcp
pygments==2.21.0
    # via
    #   rich
    #   rich-rst
pyjwt==2.13.0
    # via mcp
pypdf==6.7.5
    # via hubzoid (pyproject.toml)
pyperclip==1.11.0
    # via fastmcp-slim
pysher==1.0.8
    # via composio
python-dateutil==2.9.0.post0
    # via
    #   botocore
    #   croniter
    #   dbos
python-dotenv==1.2.3
    # via
    #   hubzoid (pyproject.toml)
    #   fastmcp-slim
    #   litellm
    #   pydantic-settings
    #   uvicorn
python-multipart==0.0.32
    # via
    #   hubzoid (pyproject.toml)
    #   fastmcp-slim
    #   mcp
pywin32==312 ; sys_platform == 'win32'
    # via mcp
pywin32-ctypes==0.2.3 ; sys_platform == 'win32'
    # via keyring
pyyaml==6.0.3
    # via
    #   hubzoid (pyproject.toml)
    #   dbos
    #   fastmcp-slim
    #   huggingface-hub
    #   jsonschema-path
    #   uvicorn
referencing==0.37.0
    # via
    #   jsonschema
    #   jsonschema-path
    #   jsonschema-specifications
regex==2026.5.9
    # via tiktoken
requests==2.34.2
    # via
    #   openai-agents
    #   pysher
    #   tiktoken
rich==13.9.4
    # via
    #   hubzoid (pyproject.toml)
    #   cyclopts
    #   fastmcp-slim
    #   rich-rst
    #   typer
rich-rst==2.1.0
    # via cyclopts
rpds-py==2026.6.3
    # via
    #   jsonschema
    #   referencing
s3transfer==0.16.1
    # via boto3
secretstorage==3.5.0 ; sys_platform == 'linux'
    # via keyring
shellingham==1.5.4
    # via typer
simpleeval==1.0.8
    # via casbin
six==1.17.0
    # via python-dateutil
slack-bolt==1.30.0
    # via hubzoid (pyproject.toml)
slack-sdk==3.44.1
    # via slack-bolt
sniffio==1.3.1
    # via
    #   claude-agent-sdk
    #   composio-client
    #   openai
sqlalchemy==2.0.50
    # via
    #   hubzoid (pyproject.toml)
    #   alembic
    #   dbos
sse-starlette==3.4.11
    # via mcp
starlette==1.7.0
    # via
    #   hubzoid (pyproject.toml)
    #   fastapi
    #   fastmcp-slim
    #   mcp
    #   sse-starlette
tiktoken==0.13.0
    # via
    #   hubzoid (pyproject.toml)
    #   litellm
tokenizers==0.22.2
    # via litellm
tqdm==4.70.1
    # via
    #   huggingface-hub
    #   openai
typer==0.27.2
    # via hubzoid (pyproject.toml)
types-requests==2.33.0.20260906
    # via openai-agents
typing-extensions==4.16.0
    # via
    #   aiosignal
    #   alembic
    #   anyio
    #   composio
    #   composio-client
    #   exceptiongroup
    #   fastapi
    #   fastmcp-slim
    #   huggingface-hub
    #   mcp
    #   openai
    #   openai-agents
    #   opentelemetry-api
    #   psycopg
    #   py-key-value-aio
    #   pydantic
    #   pydantic-core
    #   referencing
    #   sqlalchemy
    #   starlette
    #   typing-inspection
typing-inspection==0.4.4
    # via
    #   fastapi
    #   mcp
    #   pydantic
    #   pydantic-settings
tzdata==2026.4 ; sys_platform == 'win32'
    # via psycopg
uncalled-for==0.4.0
    # via fastmcp-slim
urllib3==2.8.0
    # via
    #   botocore
    #   requests
    #   types-requests
uvicorn==0.51.0
    # via
    #   hubzoid (pyproject.toml)
    #   fastmcp-slim
    #   mcp
uvloop==0.22.1 ; platform_python_implementation != 'PyPy' and sys_platform != 'cygwin' and sys_platform != 'win32'
    # via uvicorn
watchfiles==1.3.0
    # via
    #   fastmcp-slim
    #   uvicorn
websocket-client==1.9.2
    # via pysher
websockets==16.1.1
    # via
    #   hubzoid (pyproject.toml)
    #   dbos
    #   fastmcp-slim
    #   openai-agents
    #   uvicorn
yarl==1.25.1
    # via aiohttp
zipp==4.1.0
    # via importlib-metadata
